
Microsoft Visual Studio Solution File, Format Version 12.00
# Visual Studio 15
VisualStudioVersion = 15.0.28307.1231
MinimumVisualStudioVersion = 10.0.40219.1
Project("{8BC9CEB8-8B4A-11D0-8D11-00A0C91BC942}") = "GameAssignment", "GameAssignment\GameAssignment.vcxproj", "{444943F4-9277-4DEF-92CB-39C15989F063}"
EndProject
Global
	GlobalSection(SolutionConfigurationPlatforms) = preSolution
		Debug|x64 = Debug|x64
		Debug|x86 = Debug|x86
		Release|x64 = Release|x64
		Release|x86 = Release|x86
	EndGlobalSection
	GlobalSection(ProjectConfigurationPlatforms) = postSolution
		{444943F4-9277-4DEF-92CB-39C15989F063}.Debug|x64.ActiveCfg = Debug|x64
		{444943F4-9277-4DEF-92CB-39C15989F063}.Debug|x64.Build.0 = Debug|x64
		{444943F4-9277-4DEF-92CB-39C15989F063}.Debug|x86.ActiveCfg = Debug|Win32
		{444943F4-9277-4DEF-92CB-39C15989F063}.Debug|x86.Build.0 = Debug|Win32
		{444943F4-9277-4DEF-92CB-39C15989F063}.Release|x64.ActiveCfg = Release|x64
		{444943F4-9277-4DEF-92CB-39C15989F063}.Release|x64.Build.0 = Release|x64
		{444943F4-9277-4DEF-92CB-39C15989F063}.Release|x86.ActiveCfg = Release|Win32
		{444943F4-9277-4DEF-92CB-39C15989F063}.Release|x86.Build.0 = Release|Win32
	EndGlobalSection
	GlobalSection(SolutionProperties) = preSolution
		HideSolutionNode = FALSE
	EndGlobalSection
	GlobalSection(ExtensibilityGlobals) = postSolution
		SolutionGuid = {E5BED98A-6EF5-4D00-B719-8A980BFC28BF}
	EndGlobalSection
EndGlobal
